
Microsoft Visual Studio Solution File, Format Version 12.00
# Visual Studio 14
VisualStudioVersion = 14.0.25420.1
MinimumVisualStudioVersion = 10.0.40219.1
Project("{FAE04EC0-301F-11D3-BF4B-00C04F79EFBC}") = "UrlsAndRoutes", "UrlsAndRoutes\UrlsAndRoutes.csproj", "{F7F49335-4773-423F-A475-171337462302}"
EndProject
Project("{FAE04EC0-301F-11D3-BF4B-00C04F79EFBC}") = "UrlsAndRoutes.Tests", "UrlsAndRoutes.Tests\UrlsAndRoutes.Tests.csproj", "{57477A31-3E15-4CFA-9AC8-7A936AE1F211}"
EndProject
Global
	GlobalSection(SolutionConfigurationPlatforms) = preSolution
		Debug|Any CPU = Debug|Any CPU
		Release|Any CPU = Release|Any CPU
	EndGlobalSection
	GlobalSection(ProjectConfigurationPlatforms) = postSolution
		{F7F49335-4773-423F-A475-171337462302}.Debug|Any CPU.ActiveCfg = Debug|Any CPU
		{F7F49335-4773-423F-A475-171337462302}.Debug|Any CPU.Build.0 = Debug|Any CPU
		{F7F49335-4773-423F-A475-171337462302}.Release|Any CPU.ActiveCfg = Release|Any CPU
		{F7F49335-4773-423F-A475-171337462302}.Release|Any CPU.Build.0 = Release|Any CPU
		{57477A31-3E15-4CFA-9AC8-7A936AE1F211}.Debug|Any CPU.ActiveCfg = Debug|Any CPU
		{57477A31-3E15-4CFA-9AC8-7A936AE1F211}.Debug|Any CPU.Build.0 = Debug|Any CPU
		{57477A31-3E15-4CFA-9AC8-7A936AE1F211}.Release|Any CPU.ActiveCfg = Release|Any CPU
		{57477A31-3E15-4CFA-9AC8-7A936AE1F211}.Release|Any CPU.Build.0 = Release|Any CPU
	EndGlobalSection
	GlobalSection(SolutionProperties) = preSolution
		HideSolutionNode = FALSE
	EndGlobalSection
EndGlobal
